
Microsoft Visual Studio Solution File, Format Version 12.00
# Visual Studio Version 17
VisualStudioVersion = 17.10.35122.118
MinimumVisualStudioVersion = 10.0.40219.1
Project("{FAE04EC0-301F-11D3-BF4B-00C04F79EFBC}") = "Wipro_HashSet", "Wipro_HashSet\Wipro_HashSet.csproj", "{FF83175B-DA28-43D7-AD65-427B8C5DFA01}"
EndProject
Global
	GlobalSection(SolutionConfigurationPlatforms) = preSolution
		Debug|Any CPU = Debug|Any CPU
		Release|Any CPU = Release|Any CPU
	EndGlobalSection
	GlobalSection(ProjectConfigurationPlatforms) = postSolution
		{FF83175B-DA28-43D7-AD65-427B8C5DFA01}.Debug|Any CPU.ActiveCfg = Debug|Any CPU
		{FF83175B-DA28-43D7-AD65-427B8C5DFA01}.Debug|Any CPU.Build.0 = Debug|Any CPU
		{FF83175B-DA28-43D7-AD65-427B8C5DFA01}.Release|Any CPU.ActiveCfg = Release|Any CPU
		{FF83175B-DA28-43D7-AD65-427B8C5DFA01}.Release|Any CPU.Build.0 = Release|Any CPU
	EndGlobalSection
	GlobalSection(SolutionProperties) = preSolution
		HideSolutionNode = FALSE
	EndGlobalSection
	GlobalSection(ExtensibilityGlobals) = postSolution
		SolutionGuid = {6FE859B6-6675-4A05-A69C-85C80D1D3159}
	EndGlobalSection
EndGlobal
