
Microsoft Visual Studio Solution File, Format Version 12.00
# Visual Studio Version 17
VisualStudioVersion = 17.10.35122.118
MinimumVisualStudioVersion = 10.0.40219.1
Project("{FAE04EC0-301F-11D3-BF4B-00C04F79EFBC}") = "Wipro_Func_Delegate", "Wipro_Func_Delegate\Wipro_Func_Delegate.csproj", "{2EFE9E4C-B224-4F0E-9858-95DD64E9D31C}"
EndProject
Global
	GlobalSection(SolutionConfigurationPlatforms) = preSolution
		Debug|Any CPU = Debug|Any CPU
		Release|Any CPU = Release|Any CPU
	EndGlobalSection
	GlobalSection(ProjectConfigurationPlatforms) = postSolution
		{2EFE9E4C-B224-4F0E-9858-95DD64E9D31C}.Debug|Any CPU.ActiveCfg = Debug|Any CPU
		{2EFE9E4C-B224-4F0E-9858-95DD64E9D31C}.Debug|Any CPU.Build.0 = Debug|Any CPU
		{2EFE9E4C-B224-4F0E-9858-95DD64E9D31C}.Release|Any CPU.ActiveCfg = Release|Any CPU
		{2EFE9E4C-B224-4F0E-9858-95DD64E9D31C}.Release|Any CPU.Build.0 = Release|Any CPU
	EndGlobalSection
	GlobalSection(SolutionProperties) = preSolution
		HideSolutionNode = FALSE
	EndGlobalSection
	GlobalSection(ExtensibilityGlobals) = postSolution
		SolutionGuid = {6DF0A605-E49E-4D0C-B684-480F5328A7C9}
	EndGlobalSection
EndGlobal
