
Microsoft Visual Studio Solution File, Format Version 12.00
# Visual Studio Version 17
VisualStudioVersion = 17.10.35122.118
MinimumVisualStudioVersion = 10.0.40219.1
Project("{FAE04EC0-301F-11D3-BF4B-00C04F79EFBC}") = "Wipro_Abstract_Pattern_CaseStudy", "Wipro_Abstract_Pattern_CaseStudy\Wipro_Abstract_Pattern_CaseStudy.csproj", "{720D1C4C-8040-4515-9F51-F9CC7768FD9F}"
EndProject
Global
	GlobalSection(SolutionConfigurationPlatforms) = preSolution
		Debug|Any CPU = Debug|Any CPU
		Release|Any CPU = Release|Any CPU
	EndGlobalSection
	GlobalSection(ProjectConfigurationPlatforms) = postSolution
		{720D1C4C-8040-4515-9F51-F9CC7768FD9F}.Debug|Any CPU.ActiveCfg = Debug|Any CPU
		{720D1C4C-8040-4515-9F51-F9CC7768FD9F}.Debug|Any CPU.Build.0 = Debug|Any CPU
		{720D1C4C-8040-4515-9F51-F9CC7768FD9F}.Release|Any CPU.ActiveCfg = Release|Any CPU
		{720D1C4C-8040-4515-9F51-F9CC7768FD9F}.Release|Any CPU.Build.0 = Release|Any CPU
	EndGlobalSection
	GlobalSection(SolutionProperties) = preSolution
		HideSolutionNode = FALSE
	EndGlobalSection
	GlobalSection(ExtensibilityGlobals) = postSolution
		SolutionGuid = {7AD19859-8CEC-439A-9B61-7F801A42DC98}
	EndGlobalSection
EndGlobal
