
Microsoft Visual Studio Solution File, Format Version 12.00
# Visual Studio Version 17
VisualStudioVersion = 17.10.35122.118
MinimumVisualStudioVersion = 10.0.40219.1
Project("{FAE04EC0-301F-11D3-BF4B-00C04F79EFBC}") = "Wipro_Collection_Practice_eg_3", "Wipro_Collection_Practice_eg_3\Wipro_Collection_Practice_eg_3.csproj", "{A0D9743C-97B9-473E-B9E6-281B966869DC}"
EndProject
Global
	GlobalSection(SolutionConfigurationPlatforms) = preSolution
		Debug|Any CPU = Debug|Any CPU
		Release|Any CPU = Release|Any CPU
	EndGlobalSection
	GlobalSection(ProjectConfigurationPlatforms) = postSolution
		{A0D9743C-97B9-473E-B9E6-281B966869DC}.Debug|Any CPU.ActiveCfg = Debug|Any CPU
		{A0D9743C-97B9-473E-B9E6-281B966869DC}.Debug|Any CPU.Build.0 = Debug|Any CPU
		{A0D9743C-97B9-473E-B9E6-281B966869DC}.Release|Any CPU.ActiveCfg = Release|Any CPU
		{A0D9743C-97B9-473E-B9E6-281B966869DC}.Release|Any CPU.Build.0 = Release|Any CPU
	EndGlobalSection
	GlobalSection(SolutionProperties) = preSolution
		HideSolutionNode = FALSE
	EndGlobalSection
	GlobalSection(ExtensibilityGlobals) = postSolution
		SolutionGuid = {3647F859-4202-444C-A284-88FEEFFBC70C}
	EndGlobalSection
EndGlobal
