
Microsoft Visual Studio Solution File, Format Version 12.00
# Visual Studio Version 17
VisualStudioVersion = 17.10.35122.118
MinimumVisualStudioVersion = 10.0.40219.1
Project("{FAE04EC0-301F-11D3-BF4B-00C04F79EFBC}") = "Wipro_Delegate_Area", "Wipro_Delegate_Area\Wipro_Delegate_Area.csproj", "{27EF82BA-D85A-471E-9E86-130EF1C0867B}"
EndProject
Global
	GlobalSection(SolutionConfigurationPlatforms) = preSolution
		Debug|Any CPU = Debug|Any CPU
		Release|Any CPU = Release|Any CPU
	EndGlobalSection
	GlobalSection(ProjectConfigurationPlatforms) = postSolution
		{27EF82BA-D85A-471E-9E86-130EF1C0867B}.Debug|Any CPU.ActiveCfg = Debug|Any CPU
		{27EF82BA-D85A-471E-9E86-130EF1C0867B}.Debug|Any CPU.Build.0 = Debug|Any CPU
		{27EF82BA-D85A-471E-9E86-130EF1C0867B}.Release|Any CPU.ActiveCfg = Release|Any CPU
		{27EF82BA-D85A-471E-9E86-130EF1C0867B}.Release|Any CPU.Build.0 = Release|Any CPU
	EndGlobalSection
	GlobalSection(SolutionProperties) = preSolution
		HideSolutionNode = FALSE
	EndGlobalSection
	GlobalSection(ExtensibilityGlobals) = postSolution
		SolutionGuid = {11276A37-D930-4ECE-911C-9FFAA27DEFAF}
	EndGlobalSection
EndGlobal
