
Microsoft Visual Studio Solution File, Format Version 12.00
# Visual Studio Version 17
VisualStudioVersion = 17.10.35122.118
MinimumVisualStudioVersion = 10.0.40219.1
Project("{FAE04EC0-301F-11D3-BF4B-00C04F79EFBC}") = "Wipro_Func_Anonymous", "Wipro_Func_Anonymous\Wipro_Func_Anonymous.csproj", "{377B2D43-B9FD-436A-951D-C68F1A8F64DA}"
EndProject
Global
	GlobalSection(SolutionConfigurationPlatforms) = preSolution
		Debug|Any CPU = Debug|Any CPU
		Release|Any CPU = Release|Any CPU
	EndGlobalSection
	GlobalSection(ProjectConfigurationPlatforms) = postSolution
		{377B2D43-B9FD-436A-951D-C68F1A8F64DA}.Debug|Any CPU.ActiveCfg = Debug|Any CPU
		{377B2D43-B9FD-436A-951D-C68F1A8F64DA}.Debug|Any CPU.Build.0 = Debug|Any CPU
		{377B2D43-B9FD-436A-951D-C68F1A8F64DA}.Release|Any CPU.ActiveCfg = Release|Any CPU
		{377B2D43-B9FD-436A-951D-C68F1A8F64DA}.Release|Any CPU.Build.0 = Release|Any CPU
	EndGlobalSection
	GlobalSection(SolutionProperties) = preSolution
		HideSolutionNode = FALSE
	EndGlobalSection
	GlobalSection(ExtensibilityGlobals) = postSolution
		SolutionGuid = {4B13BC5B-8E4E-4C55-9CEB-52C8B7A18D99}
	EndGlobalSection
EndGlobal
