
Microsoft Visual Studio Solution File, Format Version 12.00
# Visual Studio Version 17
VisualStudioVersion = 17.10.35122.118
MinimumVisualStudioVersion = 10.0.40219.1
Project("{FAE04EC0-301F-11D3-BF4B-00C04F79EFBC}") = "Wipro_Collection_Initializer", "Wipro_Collection_Initializer\Wipro_Collection_Initializer.csproj", "{1BE580C3-703D-40CF-9DFA-DA9096ED3BE8}"
EndProject
Global
	GlobalSection(SolutionConfigurationPlatforms) = preSolution
		Debug|Any CPU = Debug|Any CPU
		Release|Any CPU = Release|Any CPU
	EndGlobalSection
	GlobalSection(ProjectConfigurationPlatforms) = postSolution
		{1BE580C3-703D-40CF-9DFA-DA9096ED3BE8}.Debug|Any CPU.ActiveCfg = Debug|Any CPU
		{1BE580C3-703D-40CF-9DFA-DA9096ED3BE8}.Debug|Any CPU.Build.0 = Debug|Any CPU
		{1BE580C3-703D-40CF-9DFA-DA9096ED3BE8}.Release|Any CPU.ActiveCfg = Release|Any CPU
		{1BE580C3-703D-40CF-9DFA-DA9096ED3BE8}.Release|Any CPU.Build.0 = Release|Any CPU
	EndGlobalSection
	GlobalSection(SolutionProperties) = preSolution
		HideSolutionNode = FALSE
	EndGlobalSection
	GlobalSection(ExtensibilityGlobals) = postSolution
		SolutionGuid = {212C436C-ADF0-4E5A-809D-A52FBF96002B}
	EndGlobalSection
EndGlobal
