
Microsoft Visual Studio Solution File, Format Version 12.00
# Visual Studio Version 17
VisualStudioVersion = 17.10.35122.118
MinimumVisualStudioVersion = 10.0.40219.1
Project("{FAE04EC0-301F-11D3-BF4B-00C04F79EFBC}") = "Wipro_Factory_eg2", "Wipro_Factory_eg2\Wipro_Factory_eg2.csproj", "{779F3C3B-DF4F-4E63-9EB7-F716EE6ACC55}"
EndProject
Global
	GlobalSection(SolutionConfigurationPlatforms) = preSolution
		Debug|Any CPU = Debug|Any CPU
		Release|Any CPU = Release|Any CPU
	EndGlobalSection
	GlobalSection(ProjectConfigurationPlatforms) = postSolution
		{779F3C3B-DF4F-4E63-9EB7-F716EE6ACC55}.Debug|Any CPU.ActiveCfg = Debug|Any CPU
		{779F3C3B-DF4F-4E63-9EB7-F716EE6ACC55}.Debug|Any CPU.Build.0 = Debug|Any CPU
		{779F3C3B-DF4F-4E63-9EB7-F716EE6ACC55}.Release|Any CPU.ActiveCfg = Release|Any CPU
		{779F3C3B-DF4F-4E63-9EB7-F716EE6ACC55}.Release|Any CPU.Build.0 = Release|Any CPU
	EndGlobalSection
	GlobalSection(SolutionProperties) = preSolution
		HideSolutionNode = FALSE
	EndGlobalSection
	GlobalSection(ExtensibilityGlobals) = postSolution
		SolutionGuid = {DF217F63-1CAE-45A3-9AC0-46022B01E6F3}
	EndGlobalSection
EndGlobal
