
Microsoft Visual Studio Solution File, Format Version 12.00
# Visual Studio Version 17
VisualStudioVersion = 17.10.35122.118
MinimumVisualStudioVersion = 10.0.40219.1
Project("{FAE04EC0-301F-11D3-BF4B-00C04F79EFBC}") = "Wipro_Collection_eg_4", "Wipro_Collection_eg_4\Wipro_Collection_eg_4.csproj", "{312E4371-E33D-4E85-B800-5F0E143D5844}"
EndProject
Global
	GlobalSection(SolutionConfigurationPlatforms) = preSolution
		Debug|Any CPU = Debug|Any CPU
		Release|Any CPU = Release|Any CPU
	EndGlobalSection
	GlobalSection(ProjectConfigurationPlatforms) = postSolution
		{312E4371-E33D-4E85-B800-5F0E143D5844}.Debug|Any CPU.ActiveCfg = Debug|Any CPU
		{312E4371-E33D-4E85-B800-5F0E143D5844}.Debug|Any CPU.Build.0 = Debug|Any CPU
		{312E4371-E33D-4E85-B800-5F0E143D5844}.Release|Any CPU.ActiveCfg = Release|Any CPU
		{312E4371-E33D-4E85-B800-5F0E143D5844}.Release|Any CPU.Build.0 = Release|Any CPU
	EndGlobalSection
	GlobalSection(SolutionProperties) = preSolution
		HideSolutionNode = FALSE
	EndGlobalSection
	GlobalSection(ExtensibilityGlobals) = postSolution
		SolutionGuid = {B617E2C0-1019-4CD1-8302-0F276CFFC1F6}
	EndGlobalSection
EndGlobal
