
Microsoft Visual Studio Solution File, Format Version 12.00
# Visual Studio Version 17
VisualStudioVersion = 17.10.35122.118
MinimumVisualStudioVersion = 10.0.40219.1
Project("{FAE04EC0-301F-11D3-BF4B-00C04F79EFBC}") = "Wipro_MultiCast_Delegate", "Wipro_MultiCast_Delegate\Wipro_MultiCast_Delegate.csproj", "{95345C85-D300-43F2-AE99-9B00DB39D492}"
EndProject
Global
	GlobalSection(SolutionConfigurationPlatforms) = preSolution
		Debug|Any CPU = Debug|Any CPU
		Release|Any CPU = Release|Any CPU
	EndGlobalSection
	GlobalSection(ProjectConfigurationPlatforms) = postSolution
		{95345C85-D300-43F2-AE99-9B00DB39D492}.Debug|Any CPU.ActiveCfg = Debug|Any CPU
		{95345C85-D300-43F2-AE99-9B00DB39D492}.Debug|Any CPU.Build.0 = Debug|Any CPU
		{95345C85-D300-43F2-AE99-9B00DB39D492}.Release|Any CPU.ActiveCfg = Release|Any CPU
		{95345C85-D300-43F2-AE99-9B00DB39D492}.Release|Any CPU.Build.0 = Release|Any CPU
	EndGlobalSection
	GlobalSection(SolutionProperties) = preSolution
		HideSolutionNode = FALSE
	EndGlobalSection
	GlobalSection(ExtensibilityGlobals) = postSolution
		SolutionGuid = {70AD7678-1295-4225-A2CE-3CFF8C2C2D45}
	EndGlobalSection
EndGlobal
